
Microsoft Visual Studio Solution File, Format Version 12.00
# Visual Studio Version 17
VisualStudioVersion = 17.1.32328.378
MinimumVisualStudioVersion = 10.0.40219.1
Project("{FAE04EC0-301F-11D3-BF4B-00C04F79EFBC}") = "Opera.Web", "Opera.Web\Opera.Web.csproj", "{8426C91F-4A54-4E0D-8FB1-2E7E02988A05}"
EndProject
Project("{FAE04EC0-301F-11D3-BF4B-00C04F79EFBC}") = "Opera.Data", "Opera.Data\Opera.Data.csproj", "{46AB995A-AA24-4F76-940B-74752558F6FF}"
EndProject
Global
	GlobalSection(SolutionConfigurationPlatforms) = preSolution
		Debug|Any CPU = Debug|Any CPU
		Release|Any CPU = Release|Any CPU
	EndGlobalSection
	GlobalSection(ProjectConfigurationPlatforms) = postSolution
		{8426C91F-4A54-4E0D-8FB1-2E7E02988A05}.Debug|Any CPU.ActiveCfg = Debug|Any CPU
		{8426C91F-4A54-4E0D-8FB1-2E7E02988A05}.Debug|Any CPU.Build.0 = Debug|Any CPU
		{8426C91F-4A54-4E0D-8FB1-2E7E02988A05}.Release|Any CPU.ActiveCfg = Release|Any CPU
		{8426C91F-4A54-4E0D-8FB1-2E7E02988A05}.Release|Any CPU.Build.0 = Release|Any CPU
		{46AB995A-AA24-4F76-940B-74752558F6FF}.Debug|Any CPU.ActiveCfg = Debug|Any CPU
		{46AB995A-AA24-4F76-940B-74752558F6FF}.Debug|Any CPU.Build.0 = Debug|Any CPU
		{46AB995A-AA24-4F76-940B-74752558F6FF}.Release|Any CPU.ActiveCfg = Release|Any CPU
		{46AB995A-AA24-4F76-940B-74752558F6FF}.Release|Any CPU.Build.0 = Release|Any CPU
	EndGlobalSection
	GlobalSection(SolutionProperties) = preSolution
		HideSolutionNode = FALSE
	EndGlobalSection
	GlobalSection(ExtensibilityGlobals) = postSolution
		SolutionGuid = {9B750712-9FDD-4122-9A41-ADE5A922425E}
	EndGlobalSection
EndGlobal
