
Microsoft Visual Studio Solution File, Format Version 12.00
# Visual Studio Version 17
VisualStudioVersion = 17.1.32328.378
MinimumVisualStudioVersion = 10.0.40219.1
Project("{FAE04EC0-301F-11D3-BF4B-00C04F79EFBC}") = "EntityFramework.Demo1a", "EntityFramework.Demo1a.csproj", "{D47415E1-B79D-4C9D-A525-FBCFA6D55112}"
EndProject
Global
	GlobalSection(SolutionConfigurationPlatforms) = preSolution
		Debug|Any CPU = Debug|Any CPU
		Release|Any CPU = Release|Any CPU
	EndGlobalSection
	GlobalSection(ProjectConfigurationPlatforms) = postSolution
		{D47415E1-B79D-4C9D-A525-FBCFA6D55112}.Debug|Any CPU.ActiveCfg = Debug|Any CPU
		{D47415E1-B79D-4C9D-A525-FBCFA6D55112}.Debug|Any CPU.Build.0 = Debug|Any CPU
		{D47415E1-B79D-4C9D-A525-FBCFA6D55112}.Release|Any CPU.ActiveCfg = Release|Any CPU
		{D47415E1-B79D-4C9D-A525-FBCFA6D55112}.Release|Any CPU.Build.0 = Release|Any CPU
	EndGlobalSection
	GlobalSection(SolutionProperties) = preSolution
		HideSolutionNode = FALSE
	EndGlobalSection
	GlobalSection(ExtensibilityGlobals) = postSolution
		SolutionGuid = {BBE66F39-8FE2-4F0E-81FA-D3B8771F5C15}
	EndGlobalSection
EndGlobal
