
Microsoft Visual Studio Solution File, Format Version 12.00
# Visual Studio Version 17
VisualStudioVersion = 17.1.32414.318
MinimumVisualStudioVersion = 10.0.40219.1
Project("{FAE04EC0-301F-11D3-BF4B-00C04F79EFBC}") = "Opera.Web", "Opera.Web\Opera.Web.csproj", "{109D37DF-ADDB-424B-87EA-E09E3463B413}"
EndProject
Project("{FAE04EC0-301F-11D3-BF4B-00C04F79EFBC}") = "Opera.Data", "Opera.Data\Opera.Data.csproj", "{EBD19ACD-CD0A-4286-BD96-A526D3699AE8}"
EndProject
Global
	GlobalSection(SolutionConfigurationPlatforms) = preSolution
		Debug|Any CPU = Debug|Any CPU
		Release|Any CPU = Release|Any CPU
	EndGlobalSection
	GlobalSection(ProjectConfigurationPlatforms) = postSolution
		{109D37DF-ADDB-424B-87EA-E09E3463B413}.Debug|Any CPU.ActiveCfg = Debug|Any CPU
		{109D37DF-ADDB-424B-87EA-E09E3463B413}.Debug|Any CPU.Build.0 = Debug|Any CPU
		{109D37DF-ADDB-424B-87EA-E09E3463B413}.Release|Any CPU.ActiveCfg = Release|Any CPU
		{109D37DF-ADDB-424B-87EA-E09E3463B413}.Release|Any CPU.Build.0 = Release|Any CPU
		{EBD19ACD-CD0A-4286-BD96-A526D3699AE8}.Debug|Any CPU.ActiveCfg = Debug|Any CPU
		{EBD19ACD-CD0A-4286-BD96-A526D3699AE8}.Debug|Any CPU.Build.0 = Debug|Any CPU
		{EBD19ACD-CD0A-4286-BD96-A526D3699AE8}.Release|Any CPU.ActiveCfg = Release|Any CPU
		{EBD19ACD-CD0A-4286-BD96-A526D3699AE8}.Release|Any CPU.Build.0 = Release|Any CPU
	EndGlobalSection
	GlobalSection(SolutionProperties) = preSolution
		HideSolutionNode = FALSE
	EndGlobalSection
	GlobalSection(ExtensibilityGlobals) = postSolution
		SolutionGuid = {377BC3BC-31A2-4206-A468-BCCC844F8CAD}
	EndGlobalSection
EndGlobal
