
Microsoft Visual Studio Solution File, Format Version 12.00
# Visual Studio Version 16
VisualStudioVersion = 25.0.1700.0
MinimumVisualStudioVersion = 10.0.40219.1
Project("{FAE04EC0-301F-11D3-BF4B-00C04F79EFBC}") = "CSharp.Demo5a", "CSharp.Demo5a\CSharp.Demo5a.csproj", "{A9F163F9-ADB3-486C-86A4-1A4A91FE8EED}"
EndProject
Project("{FAE04EC0-301F-11D3-BF4B-00C04F79EFBC}") = "CSharp.Demo5b", "CSharp.Demo5b\CSharp.Demo5b.csproj", "{2981C272-5A4F-41A9-806F-99DF75086A4B}"
EndProject
Project("{FAE04EC0-301F-11D3-BF4B-00C04F79EFBC}") = "CSharp.Demo5c", "CSharp.Demo5c\CSharp.Demo5c.csproj", "{770A50AA-4624-4665-B375-5BA7BD397F23}"
EndProject
Project("{FAE04EC0-301F-11D3-BF4B-00C04F79EFBC}") = "CSharp.Demo5d", "CSharp.Demo5d\CSharp.Demo5d.csproj", "{DCA21D5A-C44C-4150-8146-4038324E8781}"
EndProject
Project("{FAE04EC0-301F-11D3-BF4B-00C04F79EFBC}") = "DataAccess", "DataAccess\DataAccess.csproj", "{3E4C8C94-5B24-47C5-B885-816AD1F7ABAD}"
EndProject
Global
	GlobalSection(SolutionConfigurationPlatforms) = preSolution
		Debug|Any CPU = Debug|Any CPU
		Release|Any CPU = Release|Any CPU
	EndGlobalSection
	GlobalSection(ProjectConfigurationPlatforms) = postSolution
		{A9F163F9-ADB3-486C-86A4-1A4A91FE8EED}.Debug|Any CPU.ActiveCfg = Debug|Any CPU
		{A9F163F9-ADB3-486C-86A4-1A4A91FE8EED}.Debug|Any CPU.Build.0 = Debug|Any CPU
		{A9F163F9-ADB3-486C-86A4-1A4A91FE8EED}.Release|Any CPU.ActiveCfg = Release|Any CPU
		{A9F163F9-ADB3-486C-86A4-1A4A91FE8EED}.Release|Any CPU.Build.0 = Release|Any CPU
		{2981C272-5A4F-41A9-806F-99DF75086A4B}.Debug|Any CPU.ActiveCfg = Debug|Any CPU
		{2981C272-5A4F-41A9-806F-99DF75086A4B}.Debug|Any CPU.Build.0 = Debug|Any CPU
		{2981C272-5A4F-41A9-806F-99DF75086A4B}.Release|Any CPU.ActiveCfg = Release|Any CPU
		{2981C272-5A4F-41A9-806F-99DF75086A4B}.Release|Any CPU.Build.0 = Release|Any CPU
		{770A50AA-4624-4665-B375-5BA7BD397F23}.Debug|Any CPU.ActiveCfg = Debug|Any CPU
		{770A50AA-4624-4665-B375-5BA7BD397F23}.Debug|Any CPU.Build.0 = Debug|Any CPU
		{770A50AA-4624-4665-B375-5BA7BD397F23}.Release|Any CPU.ActiveCfg = Release|Any CPU
		{770A50AA-4624-4665-B375-5BA7BD397F23}.Release|Any CPU.Build.0 = Release|Any CPU
		{DCA21D5A-C44C-4150-8146-4038324E8781}.Debug|Any CPU.ActiveCfg = Debug|Any CPU
		{DCA21D5A-C44C-4150-8146-4038324E8781}.Debug|Any CPU.Build.0 = Debug|Any CPU
		{DCA21D5A-C44C-4150-8146-4038324E8781}.Release|Any CPU.ActiveCfg = Release|Any CPU
		{DCA21D5A-C44C-4150-8146-4038324E8781}.Release|Any CPU.Build.0 = Release|Any CPU
		{3E4C8C94-5B24-47C5-B885-816AD1F7ABAD}.Debug|Any CPU.ActiveCfg = Debug|Any CPU
		{3E4C8C94-5B24-47C5-B885-816AD1F7ABAD}.Debug|Any CPU.Build.0 = Debug|Any CPU
		{3E4C8C94-5B24-47C5-B885-816AD1F7ABAD}.Release|Any CPU.ActiveCfg = Release|Any CPU
		{3E4C8C94-5B24-47C5-B885-816AD1F7ABAD}.Release|Any CPU.Build.0 = Release|Any CPU
	EndGlobalSection
	GlobalSection(SolutionProperties) = preSolution
		HideSolutionNode = FALSE
	EndGlobalSection
	GlobalSection(ExtensibilityGlobals) = postSolution
		SolutionGuid = {98FF0CB0-4536-4E4B-ADA5-EBC8DE78C106}
	EndGlobalSection
EndGlobal
