
Microsoft Visual Studio Solution File, Format Version 12.00
# Visual Studio Version 17
VisualStudioVersion = 17.1.32328.378
MinimumVisualStudioVersion = 10.0.40219.1
Project("{FAE04EC0-301F-11D3-BF4B-00C04F79EFBC}") = "AspDotNewCoreMVC.Demo1b", "AspDotNewCoreMVC.Demo1b\AspDotNewCoreMVC.Demo1b.csproj", "{2A38BB22-4582-4720-8682-4618E37ACFE6}"
EndProject
Global
	GlobalSection(SolutionConfigurationPlatforms) = preSolution
		Debug|Any CPU = Debug|Any CPU
		Release|Any CPU = Release|Any CPU
	EndGlobalSection
	GlobalSection(ProjectConfigurationPlatforms) = postSolution
		{2A38BB22-4582-4720-8682-4618E37ACFE6}.Debug|Any CPU.ActiveCfg = Debug|Any CPU
		{2A38BB22-4582-4720-8682-4618E37ACFE6}.Debug|Any CPU.Build.0 = Debug|Any CPU
		{2A38BB22-4582-4720-8682-4618E37ACFE6}.Release|Any CPU.ActiveCfg = Release|Any CPU
		{2A38BB22-4582-4720-8682-4618E37ACFE6}.Release|Any CPU.Build.0 = Release|Any CPU
	EndGlobalSection
	GlobalSection(SolutionProperties) = preSolution
		HideSolutionNode = FALSE
	EndGlobalSection
	GlobalSection(ExtensibilityGlobals) = postSolution
		SolutionGuid = {5CD53169-F69D-406D-9043-AA9E745AC4A6}
	EndGlobalSection
EndGlobal
