
Microsoft Visual Studio Solution File, Format Version 12.00
# Visual Studio Version 17
VisualStudioVersion = 17.1.32328.378
MinimumVisualStudioVersion = 10.0.40219.1
Project("{FAE04EC0-301F-11D3-BF4B-00C04F79EFBC}") = "EF.GenericRepository.myDemo", "EF.GenericRepository.myDemo.csproj", "{81BCFE9A-EBBB-45AA-861A-0AA1DC4A6794}"
EndProject
Global
	GlobalSection(SolutionConfigurationPlatforms) = preSolution
		Debug|Any CPU = Debug|Any CPU
		Release|Any CPU = Release|Any CPU
	EndGlobalSection
	GlobalSection(ProjectConfigurationPlatforms) = postSolution
		{81BCFE9A-EBBB-45AA-861A-0AA1DC4A6794}.Debug|Any CPU.ActiveCfg = Debug|Any CPU
		{81BCFE9A-EBBB-45AA-861A-0AA1DC4A6794}.Debug|Any CPU.Build.0 = Debug|Any CPU
		{81BCFE9A-EBBB-45AA-861A-0AA1DC4A6794}.Release|Any CPU.ActiveCfg = Release|Any CPU
		{81BCFE9A-EBBB-45AA-861A-0AA1DC4A6794}.Release|Any CPU.Build.0 = Release|Any CPU
	EndGlobalSection
	GlobalSection(SolutionProperties) = preSolution
		HideSolutionNode = FALSE
	EndGlobalSection
	GlobalSection(ExtensibilityGlobals) = postSolution
		SolutionGuid = {5FD91F37-CFD0-4464-94B8-29EBE73259E3}
	EndGlobalSection
EndGlobal
