
Microsoft Visual Studio Solution File, Format Version 12.00
# Visual Studio Version 17
VisualStudioVersion = 17.1.32328.378
MinimumVisualStudioVersion = 10.0.40219.1
Project("{FAE04EC0-301F-11D3-BF4B-00C04F79EFBC}") = "EntityFramework.LabExercise2", "EntityFramework.LabExercise2.csproj", "{AC9A0CE7-2B4A-4691-B34E-34DB4A5E23D1}"
EndProject
Global
	GlobalSection(SolutionConfigurationPlatforms) = preSolution
		Debug|Any CPU = Debug|Any CPU
		Release|Any CPU = Release|Any CPU
	EndGlobalSection
	GlobalSection(ProjectConfigurationPlatforms) = postSolution
		{AC9A0CE7-2B4A-4691-B34E-34DB4A5E23D1}.Debug|Any CPU.ActiveCfg = Debug|Any CPU
		{AC9A0CE7-2B4A-4691-B34E-34DB4A5E23D1}.Debug|Any CPU.Build.0 = Debug|Any CPU
		{AC9A0CE7-2B4A-4691-B34E-34DB4A5E23D1}.Release|Any CPU.ActiveCfg = Release|Any CPU
		{AC9A0CE7-2B4A-4691-B34E-34DB4A5E23D1}.Release|Any CPU.Build.0 = Release|Any CPU
	EndGlobalSection
	GlobalSection(SolutionProperties) = preSolution
		HideSolutionNode = FALSE
	EndGlobalSection
	GlobalSection(ExtensibilityGlobals) = postSolution
		SolutionGuid = {33E08264-5B44-4696-9740-E56E2E49E609}
	EndGlobalSection
EndGlobal
