
Microsoft Visual Studio Solution File, Format Version 12.00
# Visual Studio Version 17
VisualStudioVersion = 17.1.32328.378
MinimumVisualStudioVersion = 10.0.40219.1
Project("{9A19103F-16F7-4668-BE54-9A1E7A4F7556}") = "myDemo8", "myDemo8\myDemo8.csproj", "{5E2D3906-DD4B-4836-A82A-09FBA0B93E13}"
EndProject
Project("{FAE04EC0-301F-11D3-BF4B-00C04F79EFBC}") = "SampleLabExercise7", "SampleLabExercise7\SampleLabExercise7.csproj", "{2196E78E-4214-434C-9194-36C3EF8BF5B8}"
EndProject
Global
	GlobalSection(SolutionConfigurationPlatforms) = preSolution
		Debug|Any CPU = Debug|Any CPU
		Release|Any CPU = Release|Any CPU
	EndGlobalSection
	GlobalSection(ProjectConfigurationPlatforms) = postSolution
		{5E2D3906-DD4B-4836-A82A-09FBA0B93E13}.Debug|Any CPU.ActiveCfg = Debug|Any CPU
		{5E2D3906-DD4B-4836-A82A-09FBA0B93E13}.Debug|Any CPU.Build.0 = Debug|Any CPU
		{5E2D3906-DD4B-4836-A82A-09FBA0B93E13}.Release|Any CPU.ActiveCfg = Release|Any CPU
		{5E2D3906-DD4B-4836-A82A-09FBA0B93E13}.Release|Any CPU.Build.0 = Release|Any CPU
		{2196E78E-4214-434C-9194-36C3EF8BF5B8}.Debug|Any CPU.ActiveCfg = Debug|Any CPU
		{2196E78E-4214-434C-9194-36C3EF8BF5B8}.Debug|Any CPU.Build.0 = Debug|Any CPU
		{2196E78E-4214-434C-9194-36C3EF8BF5B8}.Release|Any CPU.ActiveCfg = Release|Any CPU
		{2196E78E-4214-434C-9194-36C3EF8BF5B8}.Release|Any CPU.Build.0 = Release|Any CPU
	EndGlobalSection
	GlobalSection(SolutionProperties) = preSolution
		HideSolutionNode = FALSE
	EndGlobalSection
	GlobalSection(ExtensibilityGlobals) = postSolution
		SolutionGuid = {987C8E03-6CF0-43C0-A228-506CA018A29F}
	EndGlobalSection
EndGlobal
