
Microsoft Visual Studio Solution File, Format Version 12.00
# Visual Studio Version 17
VisualStudioVersion = 17.1.32328.378
MinimumVisualStudioVersion = 10.0.40219.1
Project("{FAE04EC0-301F-11D3-BF4B-00C04F79EFBC}") = "CustomerWeb", "CustomerWeb\CustomerWeb.csproj", "{BD1BF897-EE61-49CA-8123-C963CC2FE3D4}"
EndProject
Project("{FAE04EC0-301F-11D3-BF4B-00C04F79EFBC}") = "CustomerData", "CustomerData\CustomerData.csproj", "{0B65D810-89B4-4622-ADC5-31BC8734E940}"
EndProject
Global
	GlobalSection(SolutionConfigurationPlatforms) = preSolution
		Debug|Any CPU = Debug|Any CPU
		Release|Any CPU = Release|Any CPU
	EndGlobalSection
	GlobalSection(ProjectConfigurationPlatforms) = postSolution
		{BD1BF897-EE61-49CA-8123-C963CC2FE3D4}.Debug|Any CPU.ActiveCfg = Debug|Any CPU
		{BD1BF897-EE61-49CA-8123-C963CC2FE3D4}.Debug|Any CPU.Build.0 = Debug|Any CPU
		{BD1BF897-EE61-49CA-8123-C963CC2FE3D4}.Release|Any CPU.ActiveCfg = Release|Any CPU
		{BD1BF897-EE61-49CA-8123-C963CC2FE3D4}.Release|Any CPU.Build.0 = Release|Any CPU
		{0B65D810-89B4-4622-ADC5-31BC8734E940}.Debug|Any CPU.ActiveCfg = Debug|Any CPU
		{0B65D810-89B4-4622-ADC5-31BC8734E940}.Debug|Any CPU.Build.0 = Debug|Any CPU
		{0B65D810-89B4-4622-ADC5-31BC8734E940}.Release|Any CPU.ActiveCfg = Release|Any CPU
		{0B65D810-89B4-4622-ADC5-31BC8734E940}.Release|Any CPU.Build.0 = Release|Any CPU
	EndGlobalSection
	GlobalSection(SolutionProperties) = preSolution
		HideSolutionNode = FALSE
	EndGlobalSection
	GlobalSection(ExtensibilityGlobals) = postSolution
		SolutionGuid = {E4FDFBD4-F256-46F3-AA7C-1B923E867F20}
	EndGlobalSection
EndGlobal
